# generated by rye
# use `rye lock` or `rye sync` to update this lockfile
#
# last locked with the following flags:
#   pre: false
#   features: []
#   all-features: false
#   with-sources: false

aiodns==3.1.1
    # via aiohttp
aiohttp==3.9.3
    # via aiohttp-retry
    # via runpod
aiohttp-retry==2.8.3
    # via runpod
aiosignal==1.3.1
    # via aiohttp
annotated-types==0.6.0
    # via pydantic
anyio==4.3.0
    # via httpx
    # via starlette
    # via watchfiles
asttokens==2.4.1
    # via stack-data
attrs==23.2.0
    # via aiohttp
backoff==2.2.1
    # via runpod
bcrypt==4.1.2
    # via paramiko
boto3==1.34.65
    # via runpod
botocore==1.34.65
    # via boto3
    # via s3transfer
brotli==1.1.0
    # via aiohttp
certifi==2024.2.2
    # via httpcore
    # via httpx
    # via requests
cffi==1.16.0
    # via cryptography
    # via pycares
    # via pynacl
charset-normalizer==3.3.2
    # via requests
click==8.1.7
    # via runpod
    # via uvicorn
colorama==0.4.6
    # via runpod
comm==0.2.2
    # via ipykernel
cryptography==42.0.5
    # via paramiko
debugpy==1.8.1
    # via ipykernel
decorator==5.1.1
    # via ipython
dnspython==2.6.1
    # via email-validator
email-validator==2.1.1
    # via fastapi
executing==2.0.1
    # via stack-data
fastapi==0.110.0
    # via runpod
filelock==3.13.1
    # via huggingface-hub
frozenlist==1.4.1
    # via aiohttp
    # via aiosignal
fsspec==2024.3.1
    # via huggingface-hub
h11==0.14.0
    # via httpcore
    # via uvicorn
httpcore==1.0.4
    # via httpx
httptools==0.6.1
    # via uvicorn
httpx==0.27.0
    # via fastapi
huggingface-hub==0.23.0
idna==3.6
    # via anyio
    # via email-validator
    # via httpx
    # via requests
    # via yarl
inquirerpy==0.3.4
    # via runpod
ipykernel==6.29.3
ipython==8.22.2
    # via ipykernel
itsdangerous==2.1.2
    # via fastapi
jedi==0.19.1
    # via ipython
jinja2==3.1.3
    # via fastapi
jmespath==1.0.1
    # via boto3
    # via botocore
jupyter-client==8.6.1
    # via ipykernel
jupyter-core==5.7.2
    # via ipykernel
    # via jupyter-client
markupsafe==2.1.5
    # via jinja2
matplotlib-inline==0.1.6
    # via ipykernel
    # via ipython
multidict==6.0.5
    # via aiohttp
    # via yarl
nest-asyncio==1.6.0
    # via ipykernel
orjson==3.9.15
    # via fastapi
packaging==24.0
    # via huggingface-hub
    # via ipykernel
paramiko==3.4.0
    # via runpod
parso==0.8.3
    # via jedi
pexpect==4.9.0
    # via ipython
pfzy==0.3.4
    # via inquirerpy
platformdirs==4.2.0
    # via jupyter-core
prettytable==3.10.0
    # via runpod
prompt-toolkit==3.0.43
    # via inquirerpy
    # via ipython
psutil==5.9.8
    # via ipykernel
ptyprocess==0.7.0
    # via pexpect
pure-eval==0.2.2
    # via stack-data
py-cpuinfo==9.0.0
    # via runpod
pycares==4.4.0
    # via aiodns
pycparser==2.21
    # via cffi
pydantic==2.6.4
    # via fastapi
    # via pydantic-extra-types
    # via pydantic-settings
pydantic-core==2.16.3
    # via pydantic
pydantic-extra-types==2.6.0
    # via fastapi
pydantic-settings==2.2.1
    # via fastapi
pygments==2.17.2
    # via ipython
pynacl==1.5.0
    # via paramiko
python-dateutil==2.9.0.post0
    # via botocore
    # via jupyter-client
python-dotenv==1.0.1
    # via pydantic-settings
    # via uvicorn
python-multipart==0.0.9
    # via fastapi
pyyaml==6.0.1
    # via fastapi
    # via huggingface-hub
    # via uvicorn
pyzmq==25.1.2
    # via ipykernel
    # via jupyter-client
requests==2.31.0
    # via huggingface-hub
    # via runpod
runpod==1.6.2
s3transfer==0.10.1
    # via boto3
six==1.16.0
    # via asttokens
    # via python-dateutil
sniffio==1.3.1
    # via anyio
    # via httpx
stack-data==0.6.3
    # via ipython
starlette==0.36.3
    # via fastapi
tomli==2.0.1
    # via runpod
tomlkit==0.12.4
    # via runpod
tornado==6.4
    # via ipykernel
    # via jupyter-client
tqdm==4.66.2
    # via huggingface-hub
    # via tqdm-loggable
tqdm-loggable==0.2
    # via runpod
traitlets==5.14.2
    # via comm
    # via ipykernel
    # via ipython
    # via jupyter-client
    # via jupyter-core
    # via matplotlib-inline
typing-extensions==4.10.0
    # via fastapi
    # via huggingface-hub
    # via pydantic
    # via pydantic-core
ujson==5.9.0
    # via fastapi
urllib3==2.2.1
    # via botocore
    # via requests
    # via runpod
uvicorn==0.28.1
    # via fastapi
uvloop==0.19.0
    # via uvicorn
watchdog==4.0.0
    # via runpod
watchfiles==0.21.0
    # via uvicorn
wcwidth==0.2.13
    # via prettytable
    # via prompt-toolkit
websockets==12.0
    # via uvicorn
yarl==1.9.4
    # via aiohttp
